
Microsoft Visual Studio Solution File, Format Version 12.00
# Visual Studio Version 17
VisualStudioVersion = 17.5.33103.201
MinimumVisualStudioVersion = 10.0.40219.1
Project("{FAE04EC0-301F-11D3-BF4B-00C04F79EFBC}") = "LogJson.AutoFarmer", "LogJson.AutoFarmer.csproj", "{761C9EAD-9A0B-4441-B0CC-B95F5FEDF498}"
EndProject
Global
	GlobalSection(SolutionConfigurationPlatforms) = preSolution
		Debug|Any CPU = Debug|Any CPU
		Release|Any CPU = Release|Any CPU
	EndGlobalSection
	GlobalSection(ProjectConfigurationPlatforms) = postSolution
		{761C9EAD-9A0B-4441-B0CC-B95F5FEDF498}.Debug|Any CPU.ActiveCfg = Debug|Any CPU
		{761C9EAD-9A0B-4441-B0CC-B95F5FEDF498}.Debug|Any CPU.Build.0 = Debug|Any CPU
		{761C9EAD-9A0B-4441-B0CC-B95F5FEDF498}.Release|Any CPU.ActiveCfg = Release|Any CPU
		{761C9EAD-9A0B-4441-B0CC-B95F5FEDF498}.Release|Any CPU.Build.0 = Release|Any CPU
	EndGlobalSection
	GlobalSection(SolutionProperties) = preSolution
		HideSolutionNode = FALSE
	EndGlobalSection
	GlobalSection(ExtensibilityGlobals) = postSolution
		SolutionGuid = {7F8A2E54-6EAD-4F04-9ABC-9A5E2DF94C9A}
	EndGlobalSection
EndGlobal
